
Microsoft Visual Studio Solution File, Format Version 12.00
# Visual Studio Version 17
VisualStudioVersion = 17.13.35825.156 d17.13
MinimumVisualStudioVersion = 10.0.40219.1
Project("{FAE04EC0-301F-11D3-BF4B-00C04F79EFBC}") = "EventNinja", "EventNinja\EventNinja.csproj", "{A25F97D5-0BD0-4782-9038-A2B1C2B9D355}"
EndProject
Global
	GlobalSection(SolutionConfigurationPlatforms) = preSolution
		Debug|Any CPU = Debug|Any CPU
		Release|Any CPU = Release|Any CPU
	EndGlobalSection
	GlobalSection(ProjectConfigurationPlatforms) = postSolution
		{A25F97D5-0BD0-4782-9038-A2B1C2B9D355}.Debug|Any CPU.ActiveCfg = Debug|Any CPU
		{A25F97D5-0BD0-4782-9038-A2B1C2B9D355}.Debug|Any CPU.Build.0 = Debug|Any CPU
		{A25F97D5-0BD0-4782-9038-A2B1C2B9D355}.Release|Any CPU.ActiveCfg = Release|Any CPU
		{A25F97D5-0BD0-4782-9038-A2B1C2B9D355}.Release|Any CPU.Build.0 = Release|Any CPU
	EndGlobalSection
	GlobalSection(SolutionProperties) = preSolution
		HideSolutionNode = FALSE
	EndGlobalSection
	GlobalSection(ExtensibilityGlobals) = postSolution
		SolutionGuid = {A07EA3F6-EA1B-4FC3-A3E8-33AF6F345122}
	EndGlobalSection
EndGlobal
